
Microsoft Visual Studio Solution File, Format Version 12.00
# Visual Studio Version 17
VisualStudioVersion = 17.8.34330.188
MinimumVisualStudioVersion = 10.0.40219.1
Project("{9A19103F-16F7-4668-BE54-9A1E7A4F7556}") = "Bongo.Functions", "Bongo.Functions\Bongo.Functions.csproj", "{4C4A89E4-0775-40D8-B12D-5AA82649FB12}"
EndProject
Project("{9A19103F-16F7-4668-BE54-9A1E7A4F7556}") = "Bongo.Domain", "Bongo.Domain\Bongo.Domain.csproj", "{2D4D5E51-D328-4130-B6D8-A6633112DDF5}"
EndProject
Project("{9A19103F-16F7-4668-BE54-9A1E7A4F7556}") = "Bongo.Application", "Bongo.Application\Bongo.Application.csproj", "{981B33EE-0BA2-4B85-9CB2-9F375190F732}"
EndProject
Project("{9A19103F-16F7-4668-BE54-9A1E7A4F7556}") = "Bongo.Fms", "Bongo.Fms\Bongo.Fms.csproj", "{1BF47C63-8B2E-4992-99F1-36F7AE9F35CE}"
EndProject
Project("{FAE04EC0-301F-11D3-BF4B-00C04F79EFBC}") = "Bongo.Client", "Bongo.Client\Bongo.Client.csproj", "{2A8EF967-FF52-4B00-9EAA-E1B6237AA6CD}"
EndProject
Global
	GlobalSection(SolutionConfigurationPlatforms) = preSolution
		Debug|Any CPU = Debug|Any CPU
		Release|Any CPU = Release|Any CPU
	EndGlobalSection
	GlobalSection(ProjectConfigurationPlatforms) = postSolution
		{4C4A89E4-0775-40D8-B12D-5AA82649FB12}.Debug|Any CPU.ActiveCfg = Debug|Any CPU
		{4C4A89E4-0775-40D8-B12D-5AA82649FB12}.Debug|Any CPU.Build.0 = Debug|Any CPU
		{4C4A89E4-0775-40D8-B12D-5AA82649FB12}.Release|Any CPU.ActiveCfg = Release|Any CPU
		{4C4A89E4-0775-40D8-B12D-5AA82649FB12}.Release|Any CPU.Build.0 = Release|Any CPU
		{2D4D5E51-D328-4130-B6D8-A6633112DDF5}.Debug|Any CPU.ActiveCfg = Debug|Any CPU
		{2D4D5E51-D328-4130-B6D8-A6633112DDF5}.Debug|Any CPU.Build.0 = Debug|Any CPU
		{2D4D5E51-D328-4130-B6D8-A6633112DDF5}.Release|Any CPU.ActiveCfg = Release|Any CPU
		{2D4D5E51-D328-4130-B6D8-A6633112DDF5}.Release|Any CPU.Build.0 = Release|Any CPU
		{981B33EE-0BA2-4B85-9CB2-9F375190F732}.Debug|Any CPU.ActiveCfg = Debug|Any CPU
		{981B33EE-0BA2-4B85-9CB2-9F375190F732}.Debug|Any CPU.Build.0 = Debug|Any CPU
		{981B33EE-0BA2-4B85-9CB2-9F375190F732}.Release|Any CPU.ActiveCfg = Release|Any CPU
		{981B33EE-0BA2-4B85-9CB2-9F375190F732}.Release|Any CPU.Build.0 = Release|Any CPU
		{1BF47C63-8B2E-4992-99F1-36F7AE9F35CE}.Debug|Any CPU.ActiveCfg = Debug|Any CPU
		{1BF47C63-8B2E-4992-99F1-36F7AE9F35CE}.Debug|Any CPU.Build.0 = Debug|Any CPU
		{1BF47C63-8B2E-4992-99F1-36F7AE9F35CE}.Debug|Any CPU.Deploy.0 = Debug|Any CPU
		{1BF47C63-8B2E-4992-99F1-36F7AE9F35CE}.Release|Any CPU.ActiveCfg = Release|Any CPU
		{1BF47C63-8B2E-4992-99F1-36F7AE9F35CE}.Release|Any CPU.Build.0 = Release|Any CPU
		{1BF47C63-8B2E-4992-99F1-36F7AE9F35CE}.Release|Any CPU.Deploy.0 = Release|Any CPU
		{2A8EF967-FF52-4B00-9EAA-E1B6237AA6CD}.Debug|Any CPU.ActiveCfg = Debug|Any CPU
		{2A8EF967-FF52-4B00-9EAA-E1B6237AA6CD}.Debug|Any CPU.Build.0 = Debug|Any CPU
		{2A8EF967-FF52-4B00-9EAA-E1B6237AA6CD}.Release|Any CPU.ActiveCfg = Release|Any CPU
		{2A8EF967-FF52-4B00-9EAA-E1B6237AA6CD}.Release|Any CPU.Build.0 = Release|Any CPU
	EndGlobalSection
	GlobalSection(SolutionProperties) = preSolution
		HideSolutionNode = FALSE
	EndGlobalSection
	GlobalSection(ExtensibilityGlobals) = postSolution
		SolutionGuid = {00ED7BB4-0B2C-423B-9106-F13C239FFE76}
	EndGlobalSection
EndGlobal
